lockfileVersion: '6.0'

snapshots:
  lodash@4.17.21:
    resolution: {integrity: sha512-v2kDEe57lecTulaDIuNTPy3Ry4gLGJ6Z1O3vE1krgXZNrsQ+LFTGHVxVjcXPs17LhbZbet2aNwSd1aBDAmLy==}

  express@4.18.2:
    resolution: {integrity: sha512-o45mr9nAtSjQMPfBo5x1f5e4a7j6Sx+YXiEjO6NkL/u9DMj3FmLF/dBgIelRgSn7S6BVsC0f0e8Gw9vlMMoAA==}
    dependencies:
      body-parser: 1.20.1
